
Microsoft Visual Studio Solution File, Format Version 12.00
# Visual Studio 14
VisualStudioVersion = 14.0.25420.1
MinimumVisualStudioVersion = 10.0.40219.1
Project("{FAE04EC0-301F-11D3-BF4B-00C04F79EFBC}") = "Ch01_MyFirstApp", "Ch01_MyFirstApp\Ch01_MyFirstApp.csproj", "{B18A72BC-1EE0-4156-88A5-A1EADB04E315}"
EndProject
Project("{8BB2217D-0F2D-49D1-97BC-3654ED321F3B}") = "Ch01_DotNetCore", "Ch01_DotNetCore\Ch01_DotNetCore.xproj", "{666F01B4-760B-458A-89FB-7858B0916604}"
EndProject
Global
	GlobalSection(SolutionConfigurationPlatforms) = preSolution
		Debug|Any CPU = Debug|Any CPU
		Release|Any CPU = Release|Any CPU
	EndGlobalSection
	GlobalSection(ProjectConfigurationPlatforms) = postSolution
		{B18A72BC-1EE0-4156-88A5-A1EADB04E315}.Debug|Any CPU.ActiveCfg = Debug|Any CPU
		{B18A72BC-1EE0-4156-88A5-A1EADB04E315}.Debug|Any CPU.Build.0 = Debug|Any CPU
		{B18A72BC-1EE0-4156-88A5-A1EADB04E315}.Release|Any CPU.ActiveCfg = Release|Any CPU
		{B18A72BC-1EE0-4156-88A5-A1EADB04E315}.Release|Any CPU.Build.0 = Release|Any CPU
		{666F01B4-760B-458A-89FB-7858B0916604}.Debug|Any CPU.ActiveCfg = Debug|Any CPU
		{666F01B4-760B-458A-89FB-7858B0916604}.Debug|Any CPU.Build.0 = Debug|Any CPU
		{666F01B4-760B-458A-89FB-7858B0916604}.Release|Any CPU.ActiveCfg = Release|Any CPU
		{666F01B4-760B-458A-89FB-7858B0916604}.Release|Any CPU.Build.0 = Release|Any CPU
	EndGlobalSection
	GlobalSection(SolutionProperties) = preSolution
		HideSolutionNode = FALSE
	EndGlobalSection
EndGlobal
